
Microsoft Visual Studio Solution File, Format Version 12.00
# Visual Studio Version 17
VisualStudioVersion = 17.7.34024.191
MinimumVisualStudioVersion = 10.0.40219.1
Project("{FAE04EC0-301F-11D3-BF4B-00C04F79EFBC}") = "1_aplikacja", "1_aplikacja\1_aplikacja.csproj", "{0BBDAE71-F7D0-4F27-A137-DC36DBD58E99}"
EndProject
Global
	GlobalSection(SolutionConfigurationPlatforms) = preSolution
		Debug|Any CPU = Debug|Any CPU
		Release|Any CPU = Release|Any CPU
	EndGlobalSection
	GlobalSection(ProjectConfigurationPlatforms) = postSolution
		{0BBDAE71-F7D0-4F27-A137-DC36DBD58E99}.Debug|Any CPU.ActiveCfg = Debug|Any CPU
		{0BBDAE71-F7D0-4F27-A137-DC36DBD58E99}.Debug|Any CPU.Build.0 = Debug|Any CPU
		{0BBDAE71-F7D0-4F27-A137-DC36DBD58E99}.Release|Any CPU.ActiveCfg = Release|Any CPU
		{0BBDAE71-F7D0-4F27-A137-DC36DBD58E99}.Release|Any CPU.Build.0 = Release|Any CPU
	EndGlobalSection
	GlobalSection(SolutionProperties) = preSolution
		HideSolutionNode = FALSE
	EndGlobalSection
	GlobalSection(ExtensibilityGlobals) = postSolution
		SolutionGuid = {4C7D8E3B-8B12-40B9-8EA5-CDE9E64D9F7E}
	EndGlobalSection
EndGlobal
